// !$*UTF8*$!
{
	archiveVersion = 1;
	classes = {
	};
	objectVersion = 56;
	objects = {

/* Begin PBXBuildFile section */
		223A298E29A6DC7900DDB92D /* LocationFetcher.swift in Sources */ = {isa = PBXBuildFile; fileRef = 223A298D29A6DC7900DDB92D /* LocationFetcher.swift */; };
		223A299029A6EACD00DDB92D /* PersonEditView.swift in Sources */ = {isa = PBXBuildFile; fileRef = 223A298F29A6EACD00DDB92D /* PersonEditView.swift */; };
		223A299429A6F66D00DDB92D /* ContentView-ViewModel.swift in Sources */ = {isa = PBXBuildFile; fileRef = 223A299329A6F66D00DDB92D /* ContentView-ViewModel.swift */; };
		22A88EC429A5747500083A46 /* NomenclatorApp.swift in Sources */ = {isa = PBXBuildFile; fileRef = 22A88EC329A5747500083A46 /* NomenclatorApp.swift */; };
		22A88EC629A5747500083A46 /* ContentView.swift in Sources */ = {isa = PBXBuildFile; fileRef = 22A88EC529A5747500083A46 /* ContentView.swift */; };
		22A88EC829A5747600083A46 /* Assets.xcassets in Resources */ = {isa = PBXBuildFile; fileRef = 22A88EC729A5747600083A46 /* Assets.xcassets */; };
		22A88ECB29A5747600083A46 /* Preview Assets.xcassets in Resources */ = {isa = PBXBuildFile; fileRef = 22A88ECA29A5747600083A46 /* Preview Assets.xcassets */; };
		22A88ED229A577EB00083A46 /* Person.swift in Sources */ = {isa = PBXBuildFile; fileRef = 22A88ED129A577EB00083A46 /* Person.swift */; };
		22A88ED429A579B700083A46 /* ImagePicker.swift in Sources */ = {isa = PBXBuildFile; fileRef = 22A88ED329A579B700083A46 /* ImagePicker.swift */; };
		22A88EDD29A5A71A00083A46 /* FileManager+DocumentsDirectory.swift in Sources */ = {isa = PBXBuildFile; fileRef = 22A88EDC29A5A71A00083A46 /* FileManager+DocumentsDirectory.swift */; };
		22F8E27029AAD80B004CC318 /* MapView.swift in Sources */ = {isa = PBXBuildFile; fileRef = 22F8E26F29AAD80B004CC318 /* MapView.swift */; };
		22F92ABF29AABBF900A023EE /* PersonListItemView.swift in Sources */ = {isa = PBXBuildFile; fileRef = 22F92ABE29AABBF900A023EE /* PersonListItemView.swift */; };
/* End PBXBuildFile section */

/* Begin PBXFileReference section */
		223A298D29A6DC7900DDB92D /* LocationFetcher.swift */ = {isa = PBXFileReference; lastKnownFileType = sourcecode.swift; path = LocationFetcher.swift; sourceTree = "<group>"; };
		223A298F29A6EACD00DDB92D /* PersonEditView.swift */ = {isa = PBXFileReference; lastKnownFileType = sourcecode.swift; path = PersonEditView.swift; sourceTree = "<group>"; };
		223A299329A6F66D00DDB92D /* ContentView-ViewModel.swift */ = {isa = PBXFileReference; lastKnownFileType = sourcecode.swift; path = "ContentView-ViewModel.swift"; sourceTree = "<group>"; };
		22A88EC029A5747500083A46 /* Nomenclator.app */ = {isa = PBXFileReference; explicitFileType = wrapper.application; includeInIndex = 0; path = Nomenclator.app; sourceTree = BUILT_PRODUCTS_DIR; };
		22A88EC329A5747500083A46 /* NomenclatorApp.swift */ = {isa = PBXFileReference; lastKnownFileType = sourcecode.swift; path = NomenclatorApp.swift; sourceTree = "<group>"; };
		22A88EC529A5747500083A46 /* ContentView.swift */ = {isa = PBXFileReference; lastKnownFileType = sourcecode.swift; path = ContentView.swift; sourceTree = "<group>"; };
		22A88EC729A5747600083A46 /* Assets.xcassets */ = {isa = PBXFileReference; lastKnownFileType = folder.assetcatalog; path = Assets.xcassets; sourceTree = "<group>"; };
		22A88ECA29A5747600083A46 /* Preview Assets.xcassets */ = {isa = PBXFileReference; lastKnownFileType = folder.assetcatalog; path = "Preview Assets.xcassets"; sourceTree = "<group>"; };
		22A88ED129A577EB00083A46 /* Person.swift */ = {isa = PBXFileReference; lastKnownFileType = sourcecode.swift; path = Person.swift; sourceTree = "<group>"; };
		22A88ED329A579B700083A46 /* ImagePicker.swift */ = {isa = PBXFileReference; lastKnownFileType = sourcecode.swift; path = ImagePicker.swift; sourceTree = "<group>"; };
		22A88ED529A59B1D00083A46 /* Info.plist */ = {isa = PBXFileReference; lastKnownFileType = text.plist; path = Info.plist; sourceTree = "<group>"; };
		22A88EDC29A5A71A00083A46 /* FileManager+DocumentsDirectory.swift */ = {isa = PBXFileReference; lastKnownFileType = sourcecode.swift; path = "FileManager+DocumentsDirectory.swift"; sourceTree = "<group>"; };
		22F8E26F29AAD80B004CC318 /* MapView.swift */ = {isa = PBXFileReference; lastKnownFileType = sourcecode.swift; path = MapView.swift; sourceTree = "<group>"; };
		22F92ABE29AABBF900A023EE /* PersonListItemView.swift */ = {isa = PBXFileReference; lastKnownFileType = sourcecode.swift; path = PersonListItemView.swift; sourceTree = "<group>"; };
/* End PBXFileReference section */

/* Begin PBXFrameworksBuildPhase section */
		22A88EBD29A5747500083A46 /* Frameworks */ = {
			isa = PBXFrameworksBuildPhase;
			buildActionMask = 2147483647;
			files = (
			);
			runOnlyForDeploymentPostprocessing = 0;
		};
/* End PBXFrameworksBuildPhase section */

/* Begin PBXGroup section */
		22A88EB729A5747500083A46 = {
			isa = PBXGroup;
			children = (
				22A88EC229A5747500083A46 /* Nomenclator */,
				22A88EC129A5747500083A46 /* Products */,
			);
			sourceTree = "<group>";
		};
		22A88EC129A5747500083A46 /* Products */ = {
			isa = PBXGroup;
			children = (
				22A88EC029A5747500083A46 /* Nomenclator.app */,
			);
			name = Products;
			sourceTree = "<group>";
		};
		22A88EC229A5747500083A46 /* Nomenclator */ = {
			isa = PBXGroup;
			children = (
				22A88ED529A59B1D00083A46 /* Info.plist */,
				22A88EC329A5747500083A46 /* NomenclatorApp.swift */,
				22A88EC529A5747500083A46 /* ContentView.swift */,
				223A299329A6F66D00DDB92D /* ContentView-ViewModel.swift */,
				223A298F29A6EACD00DDB92D /* PersonEditView.swift */,
				22F92ABE29AABBF900A023EE /* PersonListItemView.swift */,
				22F8E26F29AAD80B004CC318 /* MapView.swift */,
				22A88ED329A579B700083A46 /* ImagePicker.swift */,
				223A298D29A6DC7900DDB92D /* LocationFetcher.swift */,
				22A88ED129A577EB00083A46 /* Person.swift */,
				22A88EDC29A5A71A00083A46 /* FileManager+DocumentsDirectory.swift */,
				22A88EC729A5747600083A46 /* Assets.xcassets */,
				22A88EC929A5747600083A46 /* Preview Content */,
			);
			path = Nomenclator;
			sourceTree = "<group>";
		};
		22A88EC929A5747600083A46 /* Preview Content */ = {
			isa = PBXGroup;
			children = (
				22A88ECA29A5747600083A46 /* Preview Assets.xcassets */,
			);
			path = "Preview Content";
			sourceTree = "<group>";
		};
/* End PBXGroup section */

/* Begin PBXNativeTarget section */
		22A88EBF29A5747500083A46 /* Nomenclator */ = {
			isa = PBXNativeTarget;
			buildConfigurationList = 22A88ECE29A5747600083A46 /* Build configuration list for PBXNativeTarget "Nomenclator" */;
			buildPhases = (
				22A88EBC29A5747500083A46 /* Sources */,
				22A88EBD29A5747500083A46 /* Frameworks */,
				22A88EBE29A5747500083A46 /* Resources */,
			);
			buildRules = (
			);
			dependencies = (
			);
			name = Nomenclator;
			productName = Nomenclator;
			productReference = 22A88EC029A5747500083A46 /* Nomenclator.app */;
			productType = "com.apple.product-type.application";
		};
/* End PBXNativeTarget section */

/* Begin PBXProject section */
		22A88EB829A5747500083A46 /* Project object */ = {
			isa = PBXProject;
			attributes = {
				BuildIndependentTargetsInParallel = 1;
				LastSwiftUpdateCheck = 1420;
				LastUpgradeCheck = 1420;
				TargetAttributes = {
					22A88EBF29A5747500083A46 = {
						CreatedOnToolsVersion = 14.2;
					};
				};
			};
			buildConfigurationList = 22A88EBB29A5747500083A46 /* Build configuration list for PBXProject "Nomenclator" */;
			compatibilityVersion = "Xcode 14.0";
			developmentRegion = en;
			hasScannedForEncodings = 0;
			knownRegions = (
				en,
				Base,
			);
			mainGroup = 22A88EB729A5747500083A46;
			productRefGroup = 22A88EC129A5747500083A46 /* Products */;
			projectDirPath = "";
			projectRoot = "";
			targets = (
				22A88EBF29A5747500083A46 /* Nomenclator */,
			);
		};
/* End PBXProject section */

/* Begin PBXResourcesBuildPhase section */
		22A88EBE29A5747500083A46 /* Resources */ = {
			isa = PBXResourcesBuildPhase;
			buildActionMask = 2147483647;
			files = (
				22A88ECB29A5747600083A46 /* Preview Assets.xcassets in Resources */,
				22A88EC829A5747600083A46 /* Assets.xcassets in Resources */,
			);
			runOnlyForDeploymentPostprocessing = 0;
		};
/* End PBXResourcesBuildPhase section */

/* Begin PBXSourcesBuildPhase section */
		22A88EBC29A5747500083A46 /* Sources */ = {
			isa = PBXSourcesBuildPhase;
			buildActionMask = 2147483647;
			files = (
				22A88ED229A577EB00083A46 /* Person.swift in Sources */,
				22A88ED429A579B700083A46 /* ImagePicker.swift in Sources */,
				223A298E29A6DC7900DDB92D /* LocationFetcher.swift in Sources */,
				22A88EC629A5747500083A46 /* ContentView.swift in Sources */,
				22A88EDD29A5A71A00083A46 /* FileManager+DocumentsDirectory.swift in Sources */,
				223A299429A6F66D00DDB92D /* ContentView-ViewModel.swift in Sources */,
				22A88EC429A5747500083A46 /* NomenclatorApp.swift in Sources */,
				22F8E27029AAD80B004CC318 /* MapView.swift in Sources */,
				223A299029A6EACD00DDB92D /* PersonEditView.swift in Sources */,
				22F92ABF29AABBF900A023EE /* PersonListItemView.swift in Sources */,
			);
			runOnlyForDeploymentPostprocessing = 0;
		};
/* End PBXSourcesBuildPhase section */

/* Begin XCBuildConfiguration section */
		22A88ECC29A5747600083A46 /* Debug */ = {
			isa = XCBuildConfiguration;
			buildSettings = {
				ALWAYS_SEARCH_USER_PATHS = NO;
				CLANG_ANALYZER_NONNULL = YES;
				CLANG_ANALYZER_NUMBER_OBJECT_CONVERSION = YES_AGGRESSIVE;
				CLANG_CXX_LANGUAGE_STANDARD = "gnu++20";
				CLANG_ENABLE_MODULES = YES;
				CLANG_ENABLE_OBJC_ARC = YES;
				CLANG_ENABLE_OBJC_WEAK = YES;
				CLANG_WARN_BLOCK_CAPTURE_AUTORELEASING = YES;
				CLANG_WARN_BOOL_CONVERSION = YES;
				CLANG_WARN_COMMA = YES;
				CLANG_WARN_CONSTANT_CONVERSION = YES;
				CLANG_WARN_DEPRECATED_OBJC_IMPLEMENTATIONS = YES;
				CLANG_WARN_DIRECT_OBJC_ISA_USAGE = YES_ERROR;
				CLANG_WARN_DOCUMENTATION_COMMENTS = YES;
				CLANG_WARN_EMPTY_BODY = YES;
				CLANG_WARN_ENUM_CONVERSION = YES;
				CLANG_WARN_INFINITE_RECURSION = YES;
				CLANG_WARN_INT_CONVERSION = YES;
				CLANG_WARN_NON_LITERAL_NULL_CONVERSION = YES;
				CLANG_WARN_OBJC_IMPLICIT_RETAIN_SELF = YES;
				CLANG_WARN_OBJC_LITERAL_CONVERSION = YES;
				CLANG_WARN_OBJC_ROOT_CLASS = YES_ERROR;
				CLANG_WARN_QUOTED_INCLUDE_IN_FRAMEWORK_HEADER = YES;
				CLANG_WARN_RANGE_LOOP_ANALYSIS = YES;
				CLANG_WARN_STRICT_PROTOTYPES = YES;
				CLANG_WARN_SUSPICIOUS_MOVE = YES;
				CLANG_WARN_UNGUARDED_AVAILABILITY = YES_AGGRESSIVE;
				CLANG_WARN_UNREACHABLE_CODE = YES;
				CLANG_WARN__DUPLICATE_METHOD_MATCH = YES;
				COPY_PHASE_STRIP = NO;
				DEBUG_INFORMATION_FORMAT = dwarf;
				ENABLE_STRICT_OBJC_MSGSEND = YES;
				ENABLE_TESTABILITY = YES;
				GCC_C_LANGUAGE_STANDARD = gnu11;
				GCC_DYNAMIC_NO_PIC = NO;
				GCC_NO_COMMON_BLOCKS = YES;
				GCC_OPTIMIZATION_LEVEL = 0;
				GCC_PREPROCESSOR_DEFINITIONS = (
					"DEBUG=1",
					"$(inherited)",
				);
				GCC_WARN_64_TO_32_BIT_CONVERSION = YES;
				GCC_WARN_ABOUT_RETURN_TYPE = YES_ERROR;
				GCC_WARN_UNDECLARED_SELECTOR = YES;
				GCC_WARN_UNINITIALIZED_AUTOS = YES_AGGRESSIVE;
				GCC_WARN_UNUSED_FUNCTION = YES;
				GCC_WARN_UNUSED_VARIABLE = YES;
				IPHONEOS_DEPLOYMENT_TARGET = 16.2;
				MTL_ENABLE_DEBUG_INFO = INCLUDE_SOURCE;
				MTL_FAST_MATH = YES;
				ONLY_ACTIVE_ARCH = YES;
				SDKROOT = iphoneos;
				SWIFT_ACTIVE_COMPILATION_CONDITIONS = DEBUG;
				SWIFT_OPTIMIZATION_LEVEL = "-Onone";
			};
			name = Debug;
		};
		22A88ECD29A5747600083A46 /* Release */ = {
			isa = XCBuildConfiguration;
			buildSettings = {
				ALWAYS_SEARCH_USER_PATHS = NO;
				CLANG_ANALYZER_NONNULL = YES;
				CLANG_ANALYZER_NUMBER_OBJECT_CONVERSION = YES_AGGRESSIVE;
				CLANG_CXX_LANGUAGE_STANDARD = "gnu++20";
				CLANG_ENABLE_MODULES = YES;
				CLANG_ENABLE_OBJC_ARC = YES;
				CLANG_ENABLE_OBJC_WEAK = YES;
				CLANG_WARN_BLOCK_CAPTURE_AUTORELEASING = YES;
				CLANG_WARN_BOOL_CONVERSION = YES;
				CLANG_WARN_COMMA = YES;
				CLANG_WARN_CONSTANT_CONVERSION = YES;
				CLANG_WARN_DEPRECATED_OBJC_IMPLEMENTATIONS = YES;
				CLANG_WARN_DIRECT_OBJC_ISA_USAGE = YES_ERROR;
				CLANG_WARN_DOCUMENTATION_COMMENTS = YES;
				CLANG_WARN_EMPTY_BODY = YES;
				CLANG_WARN_ENUM_CONVERSION = YES;
				CLANG_WARN_INFINITE_RECURSION = YES;
				CLANG_WARN_INT_CONVERSION = YES;
				CLANG_WARN_NON_LITERAL_NULL_CONVERSION = YES;
				CLANG_WARN_OBJC_IMPLICIT_RETAIN_SELF = YES;
				CLANG_WARN_OBJC_LITERAL_CONVERSION = YES;
				CLANG_WARN_OBJC_ROOT_CLASS = YES_ERROR;
				CLANG_WARN_QUOTED_INCLUDE_IN_FRAMEWORK_HEADER = YES;
				CLANG_WARN_RANGE_LOOP_ANALYSIS = YES;
				CLANG_WARN_STRICT_PROTOTYPES = YES;
				CLANG_WARN_SUSPICIOUS_MOVE = YES;
				CLANG_WARN_UNGUARDED_AVAILABILITY = YES_AGGRESSIVE;
				CLANG_WARN_UNREACHABLE_CODE = YES;
				CLANG_WARN__DUPLICATE_METHOD_MATCH = YES;
				COPY_PHASE_STRIP = NO;
				DEBUG_INFORMATION_FORMAT = "dwarf-with-dsym";
				ENABLE_NS_ASSERTIONS = NO;
				ENABLE_STRICT_OBJC_MSGSEND = YES;
				GCC_C_LANGUAGE_STANDARD = gnu11;
				GCC_NO_COMMON_BLOCKS = YES;
				GCC_WARN_64_TO_32_BIT_CONVERSION = YES;
				GCC_WARN_ABOUT_RETURN_TYPE = YES_ERROR;
				GCC_WARN_UNDECLARED_SELECTOR = YES;
				GCC_WARN_UNINITIALIZED_AUTOS = YES_AGGRESSIVE;
				GCC_WARN_UNUSED_FUNCTION = YES;
				GCC_WARN_UNUSED_VARIABLE = YES;
				IPHONEOS_DEPLOYMENT_TARGET = 16.2;
				MTL_ENABLE_DEBUG_INFO = NO;
				MTL_FAST_MATH = YES;
				SDKROOT = iphoneos;
				SWIFT_COMPILATION_MODE = wholemodule;
				SWIFT_OPTIMIZATION_LEVEL = "-O";
				VALIDATE_PRODUCT = YES;
			};
			name = Release;
		};
		22A88ECF29A5747600083A46 /* Debug */ = {
			isa = XCBuildConfiguration;
			buildSettings = {
				ASSETCATALOG_COMPILER_APPICON_NAME = AppIcon;
				ASSETCATALOG_COMPILER_GLOBAL_ACCENT_COLOR_NAME = AccentColor;
				CODE_SIGN_STYLE = Automatic;
				CURRENT_PROJECT_VERSION = 1;
				DEVELOPMENT_ASSET_PATHS = "\"Nomenclator/Preview Content\"";
				ENABLE_PREVIEWS = YES;
				GENERATE_INFOPLIST_FILE = YES;
				INFOPLIST_FILE = Nomenclator/Info.plist;
				INFOPLIST_KEY_NSLocationWhenInUseUsageDescription = "Nomenclator wants to store your location when you name a person.";
				INFOPLIST_KEY_NSPhotoLibraryUsageDescription = "Nomenclator needs access to securely store your selected Photos.";
				INFOPLIST_KEY_UIApplicationSceneManifest_Generation = YES;
				INFOPLIST_KEY_UIApplicationSupportsIndirectInputEvents = YES;
				INFOPLIST_KEY_UILaunchScreen_Generation = YES;
				INFOPLIST_KEY_UISupportedInterfaceOrientations_iPad = "UIInterfaceOrientationPortrait UIInterfaceOrientationPortraitUpsideDown UIInterfaceOrientationLandscapeLeft UIInterfaceOrientationLandscapeRight";
				INFOPLIST_KEY_UISupportedInterfaceOrientations_iPhone = "UIInterfaceOrientationPortrait UIInterfaceOrientationLandscapeLeft UIInterfaceOrientationLandscapeRight";
				LD_RUNPATH_SEARCH_PATHS = (
					"$(inherited)",
					"@executable_path/Frameworks",
				);
				MARKETING_VERSION = 1.0;
				PRODUCT_BUNDLE_IDENTIFIER = com.samwich.100daysofswift.Nomenclator;
				PRODUCT_NAME = "$(TARGET_NAME)";
				SWIFT_EMIT_LOC_STRINGS = YES;
				SWIFT_VERSION = 5.0;
				TARGETED_DEVICE_FAMILY = "1,2";
			};
			name = Debug;
		};
		22A88ED029A5747600083A46 /* Release */ = {
			isa = XCBuildConfiguration;
			buildSettings = {
				ASSETCATALOG_COMPILER_APPICON_NAME = AppIcon;
				ASSETCATALOG_COMPILER_GLOBAL_ACCENT_COLOR_NAME = AccentColor;
				CODE_SIGN_STYLE = Automatic;
				CURRENT_PROJECT_VERSION = 1;
				DEVELOPMENT_ASSET_PATHS = "\"Nomenclator/Preview Content\"";
				ENABLE_PREVIEWS = YES;
				GENERATE_INFOPLIST_FILE = YES;
				INFOPLIST_FILE = Nomenclator/Info.plist;
				INFOPLIST_KEY_NSLocationWhenInUseUsageDescription = "Nomenclator wants to store your location when you name a person.";
				INFOPLIST_KEY_NSPhotoLibraryUsageDescription = "Nomenclator needs access to securely store your selected Photos.";
				INFOPLIST_KEY_UIApplicationSceneManifest_Generation = YES;
				INFOPLIST_KEY_UIApplicationSupportsIndirectInputEvents = YES;
				INFOPLIST_KEY_UILaunchScreen_Generation = YES;
				INFOPLIST_KEY_UISupportedInterfaceOrientations_iPad = "UIInterfaceOrientationPortrait UIInterfaceOrientationPortraitUpsideDown UIInterfaceOrientationLandscapeLeft UIInterfaceOrientationLandscapeRight";
				INFOPLIST_KEY_UISupportedInterfaceOrientations_iPhone = "UIInterfaceOrientationPortrait UIInterfaceOrientationLandscapeLeft UIInterfaceOrientationLandscapeRight";
				LD_RUNPATH_SEARCH_PATHS = (
					"$(inherited)",
					"@executable_path/Frameworks",
				);
				MARKETING_VERSION = 1.0;
				PRODUCT_BUNDLE_IDENTIFIER = com.samwich.100daysofswift.Nomenclator;
				PRODUCT_NAME = "$(TARGET_NAME)";
				SWIFT_EMIT_LOC_STRINGS = YES;
				SWIFT_VERSION = 5.0;
				TARGETED_DEVICE_FAMILY = "1,2";
			};
			name = Release;
		};
/* End XCBuildConfiguration section */

/* Begin XCConfigurationList section */
		22A88EBB29A5747500083A46 /* Build configuration list for PBXProject "Nomenclator" */ = {
			isa = XCConfigurationList;
			buildConfigurations = (
				22A88ECC29A5747600083A46 /* Debug */,
				22A88ECD29A5747600083A46 /* Release */,
			);
			defaultConfigurationIsVisible = 0;
			defaultConfigurationName = Release;
		};
		22A88ECE29A5747600083A46 /* Build configuration list for PBXNativeTarget "Nomenclator" */ = {
			isa = XCConfigurationList;
			buildConfigurations = (
				22A88ECF29A5747600083A46 /* Debug */,
				22A88ED029A5747600083A46 /* Release */,
			);
			defaultConfigurationIsVisible = 0;
			defaultConfigurationName = Release;
		};
/* End XCConfigurationList section */
	};
	rootObject = 22A88EB829A5747500083A46 /* Project object */;
}
