// !$*UTF8*$!
{
	archiveVersion = 1;
	classes = {
	};
	objectVersion = 56;
	objects = {

/* Begin PBXBuildFile section */
		2241D96C29358FC900B6368D /* MissionView.swift in Sources */ = {isa = PBXBuildFile; fileRef = 2241D96B29358FC900B6368D /* MissionView.swift */; };
		226AF5972932915D00115EEE /* MoonshotApp.swift in Sources */ = {isa = PBXBuildFile; fileRef = 226AF5962932915D00115EEE /* MoonshotApp.swift */; };
		226AF5992932915D00115EEE /* ContentView.swift in Sources */ = {isa = PBXBuildFile; fileRef = 226AF5982932915D00115EEE /* ContentView.swift */; };
		226AF59B2932915E00115EEE /* Assets.xcassets in Resources */ = {isa = PBXBuildFile; fileRef = 226AF59A2932915E00115EEE /* Assets.xcassets */; };
		226AF59E2932915E00115EEE /* Preview Assets.xcassets in Resources */ = {isa = PBXBuildFile; fileRef = 226AF59D2932915E00115EEE /* Preview Assets.xcassets */; };
		2289903929356DBA00807855 /* missions.json in Resources */ = {isa = PBXBuildFile; fileRef = 2289903729356DBA00807855 /* missions.json */; };
		2289903A29356DBA00807855 /* astronauts.json in Resources */ = {isa = PBXBuildFile; fileRef = 2289903829356DBA00807855 /* astronauts.json */; };
		2289903C29356EEA00807855 /* Astronaut.swift in Sources */ = {isa = PBXBuildFile; fileRef = 2289903B29356EEA00807855 /* Astronaut.swift */; };
		2289903E29356F3200807855 /* Bundle-Decodable.swift in Sources */ = {isa = PBXBuildFile; fileRef = 2289903D29356F3200807855 /* Bundle-Decodable.swift */; };
		228990402935744400807855 /* Mission.swift in Sources */ = {isa = PBXBuildFile; fileRef = 2289903F2935744400807855 /* Mission.swift */; };
		2289904229357F8500807855 /* Color-Theme.swift in Sources */ = {isa = PBXBuildFile; fileRef = 2289904129357F8500807855 /* Color-Theme.swift */; };
		228D7CCA2938062000374136 /* AstronautView.swift in Sources */ = {isa = PBXBuildFile; fileRef = 228D7CC92938062000374136 /* AstronautView.swift */; };
		228D7CCC29380C6200374136 /* CrewMembersView.swift in Sources */ = {isa = PBXBuildFile; fileRef = 228D7CCB29380C6200374136 /* CrewMembersView.swift */; };
		228D7CCE29380EF300374136 /* RectangleDividerView.swift in Sources */ = {isa = PBXBuildFile; fileRef = 228D7CCD29380EF300374136 /* RectangleDividerView.swift */; };
		228D7CD02938106A00374136 /* MissionGridView.swift in Sources */ = {isa = PBXBuildFile; fileRef = 228D7CCF2938106A00374136 /* MissionGridView.swift */; };
		228D7CD22938118000374136 /* MissionListView.swift in Sources */ = {isa = PBXBuildFile; fileRef = 228D7CD12938118000374136 /* MissionListView.swift */; };
/* End PBXBuildFile section */

/* Begin PBXFileReference section */
		2241D96B29358FC900B6368D /* MissionView.swift */ = {isa = PBXFileReference; lastKnownFileType = sourcecode.swift; path = MissionView.swift; sourceTree = "<group>"; };
		226AF5932932915D00115EEE /* Moonshot.app */ = {isa = PBXFileReference; explicitFileType = wrapper.application; includeInIndex = 0; path = Moonshot.app; sourceTree = BUILT_PRODUCTS_DIR; };
		226AF5962932915D00115EEE /* MoonshotApp.swift */ = {isa = PBXFileReference; lastKnownFileType = sourcecode.swift; path = MoonshotApp.swift; sourceTree = "<group>"; };
		226AF5982932915D00115EEE /* ContentView.swift */ = {isa = PBXFileReference; lastKnownFileType = sourcecode.swift; path = ContentView.swift; sourceTree = "<group>"; };
		226AF59A2932915E00115EEE /* Assets.xcassets */ = {isa = PBXFileReference; lastKnownFileType = folder.assetcatalog; path = Assets.xcassets; sourceTree = "<group>"; };
		226AF59D2932915E00115EEE /* Preview Assets.xcassets */ = {isa = PBXFileReference; lastKnownFileType = folder.assetcatalog; path = "Preview Assets.xcassets"; sourceTree = "<group>"; };
		2289903729356DBA00807855 /* missions.json */ = {isa = PBXFileReference; fileEncoding = 4; lastKnownFileType = text.json; path = missions.json; sourceTree = "<group>"; };
		2289903829356DBA00807855 /* astronauts.json */ = {isa = PBXFileReference; fileEncoding = 4; lastKnownFileType = text.json; path = astronauts.json; sourceTree = "<group>"; };
		2289903B29356EEA00807855 /* Astronaut.swift */ = {isa = PBXFileReference; lastKnownFileType = sourcecode.swift; path = Astronaut.swift; sourceTree = "<group>"; };
		2289903D29356F3200807855 /* Bundle-Decodable.swift */ = {isa = PBXFileReference; lastKnownFileType = sourcecode.swift; path = "Bundle-Decodable.swift"; sourceTree = "<group>"; };
		2289903F2935744400807855 /* Mission.swift */ = {isa = PBXFileReference; lastKnownFileType = sourcecode.swift; path = Mission.swift; sourceTree = "<group>"; };
		2289904129357F8500807855 /* Color-Theme.swift */ = {isa = PBXFileReference; lastKnownFileType = sourcecode.swift; path = "Color-Theme.swift"; sourceTree = "<group>"; };
		228D7CC92938062000374136 /* AstronautView.swift */ = {isa = PBXFileReference; lastKnownFileType = sourcecode.swift; path = AstronautView.swift; sourceTree = "<group>"; };
		228D7CCB29380C6200374136 /* CrewMembersView.swift */ = {isa = PBXFileReference; lastKnownFileType = sourcecode.swift; path = CrewMembersView.swift; sourceTree = "<group>"; };
		228D7CCD29380EF300374136 /* RectangleDividerView.swift */ = {isa = PBXFileReference; lastKnownFileType = sourcecode.swift; path = RectangleDividerView.swift; sourceTree = "<group>"; };
		228D7CCF2938106A00374136 /* MissionGridView.swift */ = {isa = PBXFileReference; lastKnownFileType = sourcecode.swift; path = MissionGridView.swift; sourceTree = "<group>"; };
		228D7CD12938118000374136 /* MissionListView.swift */ = {isa = PBXFileReference; lastKnownFileType = sourcecode.swift; path = MissionListView.swift; sourceTree = "<group>"; };
/* End PBXFileReference section */

/* Begin PBXFrameworksBuildPhase section */
		226AF5902932915D00115EEE /* Frameworks */ = {
			isa = PBXFrameworksBuildPhase;
			buildActionMask = 2147483647;
			files = (
			);
			runOnlyForDeploymentPostprocessing = 0;
		};
/* End PBXFrameworksBuildPhase section */

/* Begin PBXGroup section */
		226AF58A2932915D00115EEE = {
			isa = PBXGroup;
			children = (
				226AF5952932915D00115EEE /* Moonshot */,
				226AF5942932915D00115EEE /* Products */,
			);
			sourceTree = "<group>";
		};
		226AF5942932915D00115EEE /* Products */ = {
			isa = PBXGroup;
			children = (
				226AF5932932915D00115EEE /* Moonshot.app */,
			);
			name = Products;
			sourceTree = "<group>";
		};
		226AF5952932915D00115EEE /* Moonshot */ = {
			isa = PBXGroup;
			children = (
				226AF5962932915D00115EEE /* MoonshotApp.swift */,
				226AF5982932915D00115EEE /* ContentView.swift */,
				228D7CCF2938106A00374136 /* MissionGridView.swift */,
				228D7CD12938118000374136 /* MissionListView.swift */,
				2241D96B29358FC900B6368D /* MissionView.swift */,
				228D7CCD29380EF300374136 /* RectangleDividerView.swift */,
				228D7CCB29380C6200374136 /* CrewMembersView.swift */,
				228D7CC92938062000374136 /* AstronautView.swift */,
				2289903B29356EEA00807855 /* Astronaut.swift */,
				2289903F2935744400807855 /* Mission.swift */,
				2289903D29356F3200807855 /* Bundle-Decodable.swift */,
				2289904129357F8500807855 /* Color-Theme.swift */,
				2289903829356DBA00807855 /* astronauts.json */,
				2289903729356DBA00807855 /* missions.json */,
				226AF59A2932915E00115EEE /* Assets.xcassets */,
				226AF59C2932915E00115EEE /* Preview Content */,
			);
			path = Moonshot;
			sourceTree = "<group>";
		};
		226AF59C2932915E00115EEE /* Preview Content */ = {
			isa = PBXGroup;
			children = (
				226AF59D2932915E00115EEE /* Preview Assets.xcassets */,
			);
			path = "Preview Content";
			sourceTree = "<group>";
		};
/* End PBXGroup section */

/* Begin PBXNativeTarget section */
		226AF5922932915D00115EEE /* Moonshot */ = {
			isa = PBXNativeTarget;
			buildConfigurationList = 226AF5A12932915E00115EEE /* Build configuration list for PBXNativeTarget "Moonshot" */;
			buildPhases = (
				226AF58F2932915D00115EEE /* Sources */,
				226AF5902932915D00115EEE /* Frameworks */,
				226AF5912932915D00115EEE /* Resources */,
			);
			buildRules = (
			);
			dependencies = (
			);
			name = Moonshot;
			productName = Moonshot;
			productReference = 226AF5932932915D00115EEE /* Moonshot.app */;
			productType = "com.apple.product-type.application";
		};
/* End PBXNativeTarget section */

/* Begin PBXProject section */
		226AF58B2932915D00115EEE /* Project object */ = {
			isa = PBXProject;
			attributes = {
				BuildIndependentTargetsInParallel = 1;
				LastSwiftUpdateCheck = 1410;
				LastUpgradeCheck = 1510;
				TargetAttributes = {
					226AF5922932915D00115EEE = {
						CreatedOnToolsVersion = 14.1;
					};
				};
			};
			buildConfigurationList = 226AF58E2932915D00115EEE /* Build configuration list for PBXProject "Moonshot" */;
			compatibilityVersion = "Xcode 14.0";
			developmentRegion = en;
			hasScannedForEncodings = 0;
			knownRegions = (
				en,
				Base,
			);
			mainGroup = 226AF58A2932915D00115EEE;
			productRefGroup = 226AF5942932915D00115EEE /* Products */;
			projectDirPath = "";
			projectRoot = "";
			targets = (
				226AF5922932915D00115EEE /* Moonshot */,
			);
		};
/* End PBXProject section */

/* Begin PBXResourcesBuildPhase section */
		226AF5912932915D00115EEE /* Resources */ = {
			isa = PBXResourcesBuildPhase;
			buildActionMask = 2147483647;
			files = (
				226AF59E2932915E00115EEE /* Preview Assets.xcassets in Resources */,
				2289903929356DBA00807855 /* missions.json in Resources */,
				226AF59B2932915E00115EEE /* Assets.xcassets in Resources */,
				2289903A29356DBA00807855 /* astronauts.json in Resources */,
			);
			runOnlyForDeploymentPostprocessing = 0;
		};
/* End PBXResourcesBuildPhase section */

/* Begin PBXSourcesBuildPhase section */
		226AF58F2932915D00115EEE /* Sources */ = {
			isa = PBXSourcesBuildPhase;
			buildActionMask = 2147483647;
			files = (
				228D7CCE29380EF300374136 /* RectangleDividerView.swift in Sources */,
				2241D96C29358FC900B6368D /* MissionView.swift in Sources */,
				2289903C29356EEA00807855 /* Astronaut.swift in Sources */,
				228D7CCA2938062000374136 /* AstronautView.swift in Sources */,
				228D7CD02938106A00374136 /* MissionGridView.swift in Sources */,
				228D7CD22938118000374136 /* MissionListView.swift in Sources */,
				2289904229357F8500807855 /* Color-Theme.swift in Sources */,
				226AF5992932915D00115EEE /* ContentView.swift in Sources */,
				226AF5972932915D00115EEE /* MoonshotApp.swift in Sources */,
				228990402935744400807855 /* Mission.swift in Sources */,
				228D7CCC29380C6200374136 /* CrewMembersView.swift in Sources */,
				2289903E29356F3200807855 /* Bundle-Decodable.swift in Sources */,
			);
			runOnlyForDeploymentPostprocessing = 0;
		};
/* End PBXSourcesBuildPhase section */

/* Begin XCBuildConfiguration section */
		226AF59F2932915E00115EEE /* Debug */ = {
			isa = XCBuildConfiguration;
			buildSettings = {
				ALWAYS_SEARCH_USER_PATHS = NO;
				ASSETCATALOG_COMPILER_GENERATE_SWIFT_ASSET_SYMBOL_EXTENSIONS = YES;
				CLANG_ANALYZER_NONNULL = YES;
				CLANG_ANALYZER_NUMBER_OBJECT_CONVERSION = YES_AGGRESSIVE;
				CLANG_CXX_LANGUAGE_STANDARD = "gnu++20";
				CLANG_ENABLE_MODULES = YES;
				CLANG_ENABLE_OBJC_ARC = YES;
				CLANG_ENABLE_OBJC_WEAK = YES;
				CLANG_WARN_BLOCK_CAPTURE_AUTORELEASING = YES;
				CLANG_WARN_BOOL_CONVERSION = YES;
				CLANG_WARN_COMMA = YES;
				CLANG_WARN_CONSTANT_CONVERSION = YES;
				CLANG_WARN_DEPRECATED_OBJC_IMPLEMENTATIONS = YES;
				CLANG_WARN_DIRECT_OBJC_ISA_USAGE = YES_ERROR;
				CLANG_WARN_DOCUMENTATION_COMMENTS = YES;
				CLANG_WARN_EMPTY_BODY = YES;
				CLANG_WARN_ENUM_CONVERSION = YES;
				CLANG_WARN_INFINITE_RECURSION = YES;
				CLANG_WARN_INT_CONVERSION = YES;
				CLANG_WARN_NON_LITERAL_NULL_CONVERSION = YES;
				CLANG_WARN_OBJC_IMPLICIT_RETAIN_SELF = YES;
				CLANG_WARN_OBJC_LITERAL_CONVERSION = YES;
				CLANG_WARN_OBJC_ROOT_CLASS = YES_ERROR;
				CLANG_WARN_QUOTED_INCLUDE_IN_FRAMEWORK_HEADER = YES;
				CLANG_WARN_RANGE_LOOP_ANALYSIS = YES;
				CLANG_WARN_STRICT_PROTOTYPES = YES;
				CLANG_WARN_SUSPICIOUS_MOVE = YES;
				CLANG_WARN_UNGUARDED_AVAILABILITY = YES_AGGRESSIVE;
				CLANG_WARN_UNREACHABLE_CODE = YES;
				CLANG_WARN__DUPLICATE_METHOD_MATCH = YES;
				COPY_PHASE_STRIP = NO;
				DEBUG_INFORMATION_FORMAT = dwarf;
				ENABLE_STRICT_OBJC_MSGSEND = YES;
				ENABLE_TESTABILITY = YES;
				ENABLE_USER_SCRIPT_SANDBOXING = YES;
				GCC_C_LANGUAGE_STANDARD = gnu11;
				GCC_DYNAMIC_NO_PIC = NO;
				GCC_NO_COMMON_BLOCKS = YES;
				GCC_OPTIMIZATION_LEVEL = 0;
				GCC_PREPROCESSOR_DEFINITIONS = (
					"DEBUG=1",
					"$(inherited)",
				);
				GCC_WARN_64_TO_32_BIT_CONVERSION = YES;
				GCC_WARN_ABOUT_RETURN_TYPE = YES_ERROR;
				GCC_WARN_UNDECLARED_SELECTOR = YES;
				GCC_WARN_UNINITIALIZED_AUTOS = YES_AGGRESSIVE;
				GCC_WARN_UNUSED_FUNCTION = YES;
				GCC_WARN_UNUSED_VARIABLE = YES;
				IPHONEOS_DEPLOYMENT_TARGET = 17.1;
				MTL_ENABLE_DEBUG_INFO = INCLUDE_SOURCE;
				MTL_FAST_MATH = YES;
				ONLY_ACTIVE_ARCH = YES;
				SDKROOT = iphoneos;
				SWIFT_ACTIVE_COMPILATION_CONDITIONS = DEBUG;
				SWIFT_OPTIMIZATION_LEVEL = "-Onone";
			};
			name = Debug;
		};
		226AF5A02932915E00115EEE /* Release */ = {
			isa = XCBuildConfiguration;
			buildSettings = {
				ALWAYS_SEARCH_USER_PATHS = NO;
				ASSETCATALOG_COMPILER_GENERATE_SWIFT_ASSET_SYMBOL_EXTENSIONS = YES;
				CLANG_ANALYZER_NONNULL = YES;
				CLANG_ANALYZER_NUMBER_OBJECT_CONVERSION = YES_AGGRESSIVE;
				CLANG_CXX_LANGUAGE_STANDARD = "gnu++20";
				CLANG_ENABLE_MODULES = YES;
				CLANG_ENABLE_OBJC_ARC = YES;
				CLANG_ENABLE_OBJC_WEAK = YES;
				CLANG_WARN_BLOCK_CAPTURE_AUTORELEASING = YES;
				CLANG_WARN_BOOL_CONVERSION = YES;
				CLANG_WARN_COMMA = YES;
				CLANG_WARN_CONSTANT_CONVERSION = YES;
				CLANG_WARN_DEPRECATED_OBJC_IMPLEMENTATIONS = YES;
				CLANG_WARN_DIRECT_OBJC_ISA_USAGE = YES_ERROR;
				CLANG_WARN_DOCUMENTATION_COMMENTS = YES;
				CLANG_WARN_EMPTY_BODY = YES;
				CLANG_WARN_ENUM_CONVERSION = YES;
				CLANG_WARN_INFINITE_RECURSION = YES;
				CLANG_WARN_INT_CONVERSION = YES;
				CLANG_WARN_NON_LITERAL_NULL_CONVERSION = YES;
				CLANG_WARN_OBJC_IMPLICIT_RETAIN_SELF = YES;
				CLANG_WARN_OBJC_LITERAL_CONVERSION = YES;
				CLANG_WARN_OBJC_ROOT_CLASS = YES_ERROR;
				CLANG_WARN_QUOTED_INCLUDE_IN_FRAMEWORK_HEADER = YES;
				CLANG_WARN_RANGE_LOOP_ANALYSIS = YES;
				CLANG_WARN_STRICT_PROTOTYPES = YES;
				CLANG_WARN_SUSPICIOUS_MOVE = YES;
				CLANG_WARN_UNGUARDED_AVAILABILITY = YES_AGGRESSIVE;
				CLANG_WARN_UNREACHABLE_CODE = YES;
				CLANG_WARN__DUPLICATE_METHOD_MATCH = YES;
				COPY_PHASE_STRIP = NO;
				DEBUG_INFORMATION_FORMAT = "dwarf-with-dsym";
				ENABLE_NS_ASSERTIONS = NO;
				ENABLE_STRICT_OBJC_MSGSEND = YES;
				ENABLE_USER_SCRIPT_SANDBOXING = YES;
				GCC_C_LANGUAGE_STANDARD = gnu11;
				GCC_NO_COMMON_BLOCKS = YES;
				GCC_WARN_64_TO_32_BIT_CONVERSION = YES;
				GCC_WARN_ABOUT_RETURN_TYPE = YES_ERROR;
				GCC_WARN_UNDECLARED_SELECTOR = YES;
				GCC_WARN_UNINITIALIZED_AUTOS = YES_AGGRESSIVE;
				GCC_WARN_UNUSED_FUNCTION = YES;
				GCC_WARN_UNUSED_VARIABLE = YES;
				IPHONEOS_DEPLOYMENT_TARGET = 17.1;
				MTL_ENABLE_DEBUG_INFO = NO;
				MTL_FAST_MATH = YES;
				SDKROOT = iphoneos;
				SWIFT_COMPILATION_MODE = wholemodule;
				SWIFT_OPTIMIZATION_LEVEL = "-O";
				VALIDATE_PRODUCT = YES;
			};
			name = Release;
		};
		226AF5A22932915E00115EEE /* Debug */ = {
			isa = XCBuildConfiguration;
			buildSettings = {
				ASSETCATALOG_COMPILER_APPICON_NAME = AppIcon;
				ASSETCATALOG_COMPILER_GLOBAL_ACCENT_COLOR_NAME = AccentColor;
				CODE_SIGN_STYLE = Automatic;
				CURRENT_PROJECT_VERSION = 1;
				DEVELOPMENT_ASSET_PATHS = "\"Moonshot/Preview Content\"";
				DEVELOPMENT_TEAM = A544ZWP674;
				ENABLE_PREVIEWS = YES;
				GENERATE_INFOPLIST_FILE = YES;
				INFOPLIST_KEY_UIApplicationSceneManifest_Generation = YES;
				INFOPLIST_KEY_UIApplicationSupportsIndirectInputEvents = YES;
				INFOPLIST_KEY_UILaunchScreen_Generation = YES;
				INFOPLIST_KEY_UISupportedInterfaceOrientations_iPad = "UIInterfaceOrientationPortrait UIInterfaceOrientationPortraitUpsideDown UIInterfaceOrientationLandscapeLeft UIInterfaceOrientationLandscapeRight";
				INFOPLIST_KEY_UISupportedInterfaceOrientations_iPhone = "UIInterfaceOrientationPortrait UIInterfaceOrientationLandscapeLeft UIInterfaceOrientationLandscapeRight";
				LD_RUNPATH_SEARCH_PATHS = (
					"$(inherited)",
					"@executable_path/Frameworks",
				);
				MARKETING_VERSION = 1.0;
				PRODUCT_BUNDLE_IDENTIFIER = com.samwich.100daysofswift.Moonshot;
				PRODUCT_NAME = "$(TARGET_NAME)";
				SWIFT_EMIT_LOC_STRINGS = YES;
				SWIFT_VERSION = 5.0;
				TARGETED_DEVICE_FAMILY = "1,2";
			};
			name = Debug;
		};
		226AF5A32932915E00115EEE /* Release */ = {
			isa = XCBuildConfiguration;
			buildSettings = {
				ASSETCATALOG_COMPILER_APPICON_NAME = AppIcon;
				ASSETCATALOG_COMPILER_GLOBAL_ACCENT_COLOR_NAME = AccentColor;
				CODE_SIGN_STYLE = Automatic;
				CURRENT_PROJECT_VERSION = 1;
				DEVELOPMENT_ASSET_PATHS = "\"Moonshot/Preview Content\"";
				DEVELOPMENT_TEAM = A544ZWP674;
				ENABLE_PREVIEWS = YES;
				GENERATE_INFOPLIST_FILE = YES;
				INFOPLIST_KEY_UIApplicationSceneManifest_Generation = YES;
				INFOPLIST_KEY_UIApplicationSupportsIndirectInputEvents = YES;
				INFOPLIST_KEY_UILaunchScreen_Generation = YES;
				INFOPLIST_KEY_UISupportedInterfaceOrientations_iPad = "UIInterfaceOrientationPortrait UIInterfaceOrientationPortraitUpsideDown UIInterfaceOrientationLandscapeLeft UIInterfaceOrientationLandscapeRight";
				INFOPLIST_KEY_UISupportedInterfaceOrientations_iPhone = "UIInterfaceOrientationPortrait UIInterfaceOrientationLandscapeLeft UIInterfaceOrientationLandscapeRight";
				LD_RUNPATH_SEARCH_PATHS = (
					"$(inherited)",
					"@executable_path/Frameworks",
				);
				MARKETING_VERSION = 1.0;
				PRODUCT_BUNDLE_IDENTIFIER = com.samwich.100daysofswift.Moonshot;
				PRODUCT_NAME = "$(TARGET_NAME)";
				SWIFT_EMIT_LOC_STRINGS = YES;
				SWIFT_VERSION = 5.0;
				TARGETED_DEVICE_FAMILY = "1,2";
			};
			name = Release;
		};
/* End XCBuildConfiguration section */

/* Begin XCConfigurationList section */
		226AF58E2932915D00115EEE /* Build configuration list for PBXProject "Moonshot" */ = {
			isa = XCConfigurationList;
			buildConfigurations = (
				226AF59F2932915E00115EEE /* Debug */,
				226AF5A02932915E00115EEE /* Release */,
			);
			defaultConfigurationIsVisible = 0;
			defaultConfigurationName = Release;
		};
		226AF5A12932915E00115EEE /* Build configuration list for PBXNativeTarget "Moonshot" */ = {
			isa = XCConfigurationList;
			buildConfigurations = (
				226AF5A22932915E00115EEE /* Debug */,
				226AF5A32932915E00115EEE /* Release */,
			);
			defaultConfigurationIsVisible = 0;
			defaultConfigurationName = Release;
		};
/* End XCConfigurationList section */
	};
	rootObject = 226AF58B2932915D00115EEE /* Project object */;
}
